
Microsoft Visual Studio Solution File, Format Version 12.00
# Visual Studio 15
Project("{FAE04EC0-301F-11D3-BF4B-00C04F79EFBC}") = "NumGuessingGame", "NumGuessingGame\NumGuessingGame.csproj", "{F313181C-6CA7-4FDE-AF6B-D41ED593D6B5}"
EndProject
Global
	GlobalSection(SolutionConfigurationPlatforms) = preSolution
		Debug|Any CPU = Debug|Any CPU
		Release|Any CPU = Release|Any CPU
	EndGlobalSection
	GlobalSection(ProjectConfigurationPlatforms) = postSolution
		{F313181C-6CA7-4FDE-AF6B-D41ED593D6B5}.Debug|Any CPU.ActiveCfg = Debug|Any CPU
		{F313181C-6CA7-4FDE-AF6B-D41ED593D6B5}.Debug|Any CPU.Build.0 = Debug|Any CPU
		{F313181C-6CA7-4FDE-AF6B-D41ED593D6B5}.Release|Any CPU.ActiveCfg = Release|Any CPU
		{F313181C-6CA7-4FDE-AF6B-D41ED593D6B5}.Release|Any CPU.Build.0 = Release|Any CPU
	EndGlobalSection
EndGlobal
